github.com/Florenzee/go-print-slice v1.0.1 h1:o8NT2YTvqr/wC+iU1zU3ta0UaY7Y/CrSTqPCaputI5Q=
github.com/Florenzee/go-print-slice v1.0.1/go.mod h1:dthl6bk07Fh9eMsDcso2cPEoKpodTbWFzeCSlkBDVR4=
github.com/Florenzee/go-print-slice v1.0.2 h1:eZU4PeZKvtsMCOeNzEUWr088SzDCyR1CyOCv1q14ti8=
github.com/Florenzee/go-print-slice v1.0.2/go.mod h1:dthl6bk07Fh9eMsDcso2cPEoKpodTbWFzeCSlkBDVR4=
github.com/Florenzee/go-print-slice v1.0.3 h1:ldjm358sWKNGDLK+68aLwK4/QLvzFJZ1+w1Na0CYqhY=
github.com/Florenzee/go-print-slice v1.0.3/go.mod h1:dthl6bk07Fh9eMsDcso2cPEoKpodTbWFzeCSlkBDVR4=
github.com/Florenzee/go-print-slice v1.0.4 h1:0lkcg6spg75gAb2AeFz/gDjwUp40p9QXEjGppxtnXJk=
github.com/Florenzee/go-print-slice v1.0.4/go.mod h1:dthl6bk07Fh9eMsDcso2cPEoKpodTbWFzeCSlkBDVR4=
github.com/Florenzee/go-print-slice v1.0.5 h1:+g7/i8osDwGY2G36+jrYdLIBqMo4RM3O47Pe2dLY5Ws=
github.com/Florenzee/go-print-slice v1.0.5/go.mod h1:dthl6bk07Fh9eMsDcso2cPEoKpodTbWFzeCSlkBDVR4=
